
Microsoft Visual Studio Solution File, Format Version 12.00
# Visual Studio 14
VisualStudioVersion = 14.0.23107.0
MinimumVisualStudioVersion = 10.0.40219.1
Project("{FAE04EC0-301F-11D3-BF4B-00C04F79EFBC}") = "reddit", "reddit\reddit.csproj", "{E8283B92-10D5-42B5-AB58-0B46C7FB4FB9}"
EndProject
Project("{2150E333-8FDC-42A3-9474-1A3956D46DE8}") = "PublishScripts", "PublishScripts", "{47C076B9-7661-45E3-88A8-BCD3DFCA99C5}"
	ProjectSection(SolutionItems) = preProject
		PublishScripts\AzureVMPublishModule.psm1 = PublishScripts\AzureVMPublishModule.psm1
		PublishScripts\Publish-WebApplicationVM.ps1 = PublishScripts\Publish-WebApplicationVM.ps1
	EndProjectSection
EndProject
Project("{2150E333-8FDC-42A3-9474-1A3956D46DE8}") = "Configurations", "Configurations", "{E790C973-526E-412E-8138-67E7E96B9DE6}"
	ProjectSection(SolutionItems) = preProject
		PublishScripts\Configurations\reddit-WAWS-dev.json = PublishScripts\Configurations\reddit-WAWS-dev.json
	EndProjectSection
EndProject
Global
	GlobalSection(SolutionConfigurationPlatforms) = preSolution
		Debug|Any CPU = Debug|Any CPU
		Release|Any CPU = Release|Any CPU
	EndGlobalSection
	GlobalSection(ProjectConfigurationPlatforms) = postSolution
		{E8283B92-10D5-42B5-AB58-0B46C7FB4FB9}.Debug|Any CPU.ActiveCfg = Debug|Any CPU
		{E8283B92-10D5-42B5-AB58-0B46C7FB4FB9}.Debug|Any CPU.Build.0 = Debug|Any CPU
		{E8283B92-10D5-42B5-AB58-0B46C7FB4FB9}.Release|Any CPU.ActiveCfg = Release|Any CPU
		{E8283B92-10D5-42B5-AB58-0B46C7FB4FB9}.Release|Any CPU.Build.0 = Release|Any CPU
	EndGlobalSection
	GlobalSection(SolutionProperties) = preSolution
		HideSolutionNode = FALSE
	EndGlobalSection
	GlobalSection(NestedProjects) = preSolution
		{E790C973-526E-412E-8138-67E7E96B9DE6} = {47C076B9-7661-45E3-88A8-BCD3DFCA99C5}
	EndGlobalSection
EndGlobal
